
Microsoft Visual Studio Solution File, Format Version 12.00
# Visual Studio Version 17
VisualStudioVersion = 17.7.34221.43
MinimumVisualStudioVersion = 10.0.40219.1
Project("{FAE04EC0-301F-11D3-BF4B-00C04F79EFBC}") = "Taller2", "Taller2\Taller2.csproj", "{32E62F24-B572-4BF1-82B3-480F83F4F4EE}"
EndProject
Global
	GlobalSection(SolutionConfigurationPlatforms) = preSolution
		Debug|Any CPU = Debug|Any CPU
		Release|Any CPU = Release|Any CPU
	EndGlobalSection
	GlobalSection(ProjectConfigurationPlatforms) = postSolution
		{32E62F24-B572-4BF1-82B3-480F83F4F4EE}.Debug|Any CPU.ActiveCfg = Debug|Any CPU
		{32E62F24-B572-4BF1-82B3-480F83F4F4EE}.Debug|Any CPU.Build.0 = Debug|Any CPU
		{32E62F24-B572-4BF1-82B3-480F83F4F4EE}.Release|Any CPU.ActiveCfg = Release|Any CPU
		{32E62F24-B572-4BF1-82B3-480F83F4F4EE}.Release|Any CPU.Build.0 = Release|Any CPU
	EndGlobalSection
	GlobalSection(SolutionProperties) = preSolution
		HideSolutionNode = FALSE
	EndGlobalSection
	GlobalSection(ExtensibilityGlobals) = postSolution
		SolutionGuid = {39D1415F-0C6B-42D1-8F71-62BE09C73EBE}
	EndGlobalSection
EndGlobal
